
Microsoft Visual Studio Solution File, Format Version 12.00
# Visual Studio Version 16
VisualStudioVersion = 16.0.30413.136
MinimumVisualStudioVersion = 10.0.40219.1
Project("{FAE04EC0-301F-11D3-BF4B-00C04F79EFBC}") = "LCPStore", "LCPStore\LCPStore.csproj", "{3E3BE1D7-5DDC-4B02-8CD0-03C6DEB197FF}"
EndProject
Global
	GlobalSection(SolutionConfigurationPlatforms) = preSolution
		Debug|Any CPU = Debug|Any CPU
		Release|Any CPU = Release|Any CPU
	EndGlobalSection
	GlobalSection(ProjectConfigurationPlatforms) = postSolution
		{3E3BE1D7-5DDC-4B02-8CD0-03C6DEB197FF}.Debug|Any CPU.ActiveCfg = Debug|Any CPU
		{3E3BE1D7-5DDC-4B02-8CD0-03C6DEB197FF}.Debug|Any CPU.Build.0 = Debug|Any CPU
		{3E3BE1D7-5DDC-4B02-8CD0-03C6DEB197FF}.Release|Any CPU.ActiveCfg = Release|Any CPU
		{3E3BE1D7-5DDC-4B02-8CD0-03C6DEB197FF}.Release|Any CPU.Build.0 = Release|Any CPU
	EndGlobalSection
	GlobalSection(SolutionProperties) = preSolution
		HideSolutionNode = FALSE
	EndGlobalSection
	GlobalSection(ExtensibilityGlobals) = postSolution
		SolutionGuid = {1862CCAC-8D77-43D4-90E4-CBD0497ED7CA}
	EndGlobalSection
EndGlobal
